
Microsoft Visual Studio Solution File, Format Version 12.00
# Visual Studio Version 17
VisualStudioVersion = 17.3.32901.215
MinimumVisualStudioVersion = 10.0.40219.1
Project("{9A19103F-16F7-4668-BE54-9A1E7A4F7556}") = "test_lab2", "test_lab2\test_lab2.csproj", "{493DD51A-E8F1-4D5C-870F-D44E3BDCF921}"
EndProject
Project("{FAE04EC0-301F-11D3-BF4B-00C04F79EFBC}") = "test_lab2Tests", "test_lab2Tests\test_lab2Tests.csproj", "{FCC43B95-5A38-41DF-B0B4-89807FF52268}"
EndProject
Global
	GlobalSection(SolutionConfigurationPlatforms) = preSolution
		Debug|Any CPU = Debug|Any CPU
		Release|Any CPU = Release|Any CPU
	EndGlobalSection
	GlobalSection(ProjectConfigurationPlatforms) = postSolution
		{493DD51A-E8F1-4D5C-870F-D44E3BDCF921}.Debug|Any CPU.ActiveCfg = Debug|Any CPU
		{493DD51A-E8F1-4D5C-870F-D44E3BDCF921}.Debug|Any CPU.Build.0 = Debug|Any CPU
		{493DD51A-E8F1-4D5C-870F-D44E3BDCF921}.Release|Any CPU.ActiveCfg = Release|Any CPU
		{493DD51A-E8F1-4D5C-870F-D44E3BDCF921}.Release|Any CPU.Build.0 = Release|Any CPU
		{FCC43B95-5A38-41DF-B0B4-89807FF52268}.Debug|Any CPU.ActiveCfg = Debug|Any CPU
		{FCC43B95-5A38-41DF-B0B4-89807FF52268}.Debug|Any CPU.Build.0 = Debug|Any CPU
		{FCC43B95-5A38-41DF-B0B4-89807FF52268}.Release|Any CPU.ActiveCfg = Release|Any CPU
		{FCC43B95-5A38-41DF-B0B4-89807FF52268}.Release|Any CPU.Build.0 = Release|Any CPU
	EndGlobalSection
	GlobalSection(SolutionProperties) = preSolution
		HideSolutionNode = FALSE
	EndGlobalSection
	GlobalSection(ExtensibilityGlobals) = postSolution
		SolutionGuid = {013A9634-99EA-4CE1-B1EB-DCFE4C515644}
	EndGlobalSection
EndGlobal
